# THIS IS AN AUTOGENERATED FILE. DO NOT EDIT THIS FILE DIRECTLY.
# yarn lockfile v1


"@adraffy/ens-normalize@1.8.9":
  version "1.8.9"
  resolved "https://registry.yarnpkg.com/@adraffy/ens-normalize/-/ens-normalize-1.8.9.tgz#67b3acadebbb551669c9a1da15fac951db795b85"
  integrity sha512-93OmGCV0vO8+JQ3FHG+gZk/MPHzzMPDRiCiFcCQNTCnHaaxsacO3ScTPGlu2wX2dOtgfalbchPcw1cOYYjHCYQ==

"@noble/hashes@1.1.2":
  version "1.1.2"
  resolved "https://registry.yarnpkg.com/@noble/hashes/-/hashes-1.1.2.tgz#e9e035b9b166ca0af657a7848eb2718f0f22f183"
  integrity sha512-KYRCASVTv6aeUi1tsF8/vpyR7zpfs3FUzy2Jqm+MU+LmUKhQ0y2FpfwqkCcxSg2ua4GALJd8k2R76WxwZGbQpA==

"@noble/secp256k1@1.7.1":
  version "1.7.1"
  resolved "https://registry.yarnpkg.com/@noble/secp256k1/-/secp256k1-1.7.1.tgz#b251c70f824ce3ca7f8dc3df08d58f005cc0507c"
  integrity sha512-hOUk6AyBFmqVrv7k5WAw/LpszxVbj9gGN4JRkIX52fdFAj1UA61KXmZDvqVEm+pOyec3+fIeZB02LYa/pWOArw==

aes-js@4.0.0-beta.3:
  version "4.0.0-beta.3"
  resolved "https://registry.yarnpkg.com/aes-js/-/aes-js-4.0.0-beta.3.tgz#da2253f0ff03a0b3a9e445c8cbdf78e7fda7d48c"
  integrity sha512-/xJX0/VTPcbc5xQE2VUP91y1xN8q/rDfhEzLm+vLc3hYvb5+qHCnpJRuFcrKn63zumK/sCwYYzhG8HP78JYSTA==

ansi-styles@^4.1.0:
  version "4.3.0"
  resolved "https://registry.yarnpkg.com/ansi-styles/-/ansi-styles-4.3.0.tgz#edd803628ae71c04c85ae7a0906edad34b648937"
  integrity sha512-zbB9rCJAT1rbjiVDb2hqKFHNYLxgtk8NURxZ3IZwD3F6NtxbXZQCnnSi1Lkx+IDohdPlFp222wVALIheZJQSEg==
  dependencies:
    color-convert "^2.0.1"

chalk@^4.1.0:
  version "4.1.2"
  resolved "https://registry.yarnpkg.com/chalk/-/chalk-4.1.2.tgz#aac4e2b7734a740867aeb16bf02aad556a1e7a01"
  integrity sha512-oKnbhFyRIXpUuez8iBMmyEa4nbj4IOQyuhc/wy9kY7/WVPcwIO9VA668Pu8RkO7+0G76SLROeyw9CpQ061i4mA==
  dependencies:
    ansi-styles "^4.1.0"
    supports-color "^7.1.0"

color-convert@^2.0.1:
  version "2.0.1"
  resolved "https://registry.yarnpkg.com/color-convert/-/color-convert-2.0.1.tgz#72d3a68d598c9bdb3af2ad1e84f21d896abd4de3"
  integrity sha512-RRECPsj7iu/xb5oKYcsFHSppFNnsj/52OVTRKb4zP5onXwVF3zVmmToNcOfGC+CRDpfK/U584fMg38ZHCaElKQ==
  dependencies:
    color-name "~1.1.4"

color-name@~1.1.4:
  version "1.1.4"
  resolved "https://registry.yarnpkg.com/color-name/-/color-name-1.1.4.tgz#c2a09a87acbde69543de6f63fa3995c826c536a2"
  integrity sha512-dOy+3AuW3a2wNbZHIuMZpTcgjGuLU/uBL/ubcZF9OXbDo8ff4O8yVp5Bf0efS8uEoYo5q4Fx7dY9OgQGXgAsQA==

commander@^10.0.0:
  version "10.0.0"
  resolved "https://registry.yarnpkg.com/commander/-/commander-10.0.0.tgz#71797971162cd3cf65f0b9d24eb28f8d303acdf1"
  integrity sha512-zS5PnTI22FIRM6ylNW8G4Ap0IEOyk62fhLSD0+uHRT9McRCLGpkVNvao4bjimpK/GShynyQkFFxHhwMcETmduA==

csv-generate@^4.2.2:
  version "4.2.2"
  resolved "https://registry.yarnpkg.com/csv-generate/-/csv-generate-4.2.2.tgz#b0ae1dca9f608fb8dfbb9df32949652d8f583ade"
  integrity sha512-Ah/NcMxHMqwQsuL173yp8EOzHrbLh8iyScqTy990b+TJZNjHhy7gs5FfSmyQ2arLC2QVrueO3DYJVQnibJB3WQ==

csv-parse@^5.3.5:
  version "5.3.5"
  resolved "https://registry.yarnpkg.com/csv-parse/-/csv-parse-5.3.5.tgz#9924bbba9f7056122f06b7af18edc1a7f022ce99"
  integrity sha512-8O5KTIRtwmtD3+EVfW6BCgbwZqJbhTYsQZry12F1TP5RUp0sD9tp1UnCWic3n0mLOhzeocYaCZNYxOGSg3dmmQ==

csv-stringify@^6.2.4:
  version "6.2.4"
  resolved "https://registry.yarnpkg.com/csv-stringify/-/csv-stringify-6.2.4.tgz#9ae7a660b771e55c09d6cf4cf936fbbdf9499962"
  integrity sha512-RVzGaBeHl0IspzOSiNr1e7XDM7ajuESlqetQbxH2pBPplIWycx0gAVclxNEa4lc91brK6LIE0PrdEoHtZYIHIQ==

csv@^6.2.7:
  version "6.2.7"
  resolved "https://registry.yarnpkg.com/csv/-/csv-6.2.7.tgz#29f09bcf5929ab3eaa71f5f74a5ed7d122c195f5"
  integrity sha512-W9rB5/QWqXg2rQcAOT7lDHfxhDavg1BEmy+WaxKRYowzK9Dq+7WHIJo/8Xvry7rtaWQTMgl0wkS/cfd1k9cQUg==
  dependencies:
    csv-generate "^4.2.2"
    csv-parse "^5.3.5"
    csv-stringify "^6.2.4"
    stream-transform "^3.2.2"

ethers@^6.0.2:
  version "6.0.2"
  resolved "https://registry.yarnpkg.com/ethers/-/ethers-6.0.2.tgz#e147424b3464ecca7af23e0e2f0b3b045641ccfd"
  integrity sha512-YOHvShFjKordVEN7kVcKRp6xhpjq4ggZPcsAVuadXravZ7Z4qOflOEGfIaMnKp2ZQJqyR07iYVD6YVty4dI3Fw==
  dependencies:
    "@adraffy/ens-normalize" "1.8.9"
    "@noble/hashes" "1.1.2"
    "@noble/secp256k1" "1.7.1"
    aes-js "4.0.0-beta.3"
    tslib "2.4.0"
    ws "8.5.0"

has-flag@^4.0.0:
  version "4.0.0"
  resolved "https://registry.yarnpkg.com/has-flag/-/has-flag-4.0.0.tgz#944771fd9c81c81265c4d6941860da06bb59479b"
  integrity sha512-EykJT/Q1KjTWctppgIAgfSO0tKVuZUjhgMr17kqTumMl6Afv3EISleU7qZUzoXDFTAHTDC4NOoG/ZxU3EvlMPQ==

stream-transform@^3.2.2:
  version "3.2.2"
  resolved "https://registry.yarnpkg.com/stream-transform/-/stream-transform-3.2.2.tgz#3d6083d6582eddac233645fcee574fc56ebeb184"
  integrity sha512-DHZQPNxvjU2qdQlGcpitn8pkJHQVTqdshtgXaLz6Vc5VCAognbGuuwGS5ugeqGVnyw8j4h89QcV8cwm0D1+V0A==

supports-color@^7.1.0:
  version "7.2.0"
  resolved "https://registry.yarnpkg.com/supports-color/-/supports-color-7.2.0.tgz#1b7dcdcb32b8138801b3e478ba6a51caa89648da"
  integrity sha512-qpCAvRl9stuOHveKsn7HncJRvv501qIacKzQlO/+Lwxc9+0q2wLyv4Dfvt80/DPn2pqOBsJdDiogXGR9+OvwRw==
  dependencies:
    has-flag "^4.0.0"

tslib@2.4.0:
  version "2.4.0"
  resolved "https://registry.yarnpkg.com/tslib/-/tslib-2.4.0.tgz#7cecaa7f073ce680a05847aa77be941098f36dc3"
  integrity sha512-d6xOpEDfsi2CZVlPQzGeux8XMwLT9hssAsaPYExaQMuYskwb+x1x7J371tWlbBdWHroy99KnVB6qIkUbs5X3UQ==

ws@8.5.0:
  version "8.5.0"
  resolved "https://registry.yarnpkg.com/ws/-/ws-8.5.0.tgz#bfb4be96600757fe5382de12c670dab984a1ed4f"
  integrity sha512-BWX0SWVgLPzYwF8lTzEy1egjhS4S4OEAHfsO8o65WOVsrnSRGaSiUaa9e0ggGlkMTtBlmOpEXiie9RUcBO86qg==
